
Microsoft Visual Studio Solution File, Format Version 12.00
# Visual Studio 15
Project("{FAE04EC0-301F-11D3-BF4B-00C04F79EFBC}") = "VRM10.Tests", "VRM10.Tests.csproj", "{CFCB507A-875F-CF39-E920-00F5539989CB}"
EndProject
Project("{FAE04EC0-301F-11D3-BF4B-00C04F79EFBC}") = "VRMShaders.VRM10.MToon10.Runtime", "VRMShaders.VRM10.MToon10.Runtime.csproj", "{71E9EBDB-3B27-24FD-99EE-097D50D1782F}"
EndProject
Project("{FAE04EC0-301F-11D3-BF4B-00C04F79EFBC}") = "UniHumanoid", "UniHumanoid.csproj", "{42C5CC8B-3895-02F3-B661-11F0D90A62ED}"
EndProject
Project("{FAE04EC0-301F-11D3-BF4B-00C04F79EFBC}") = "PhotonChat", "PhotonChat.csproj", "{CA66A43A-8E8E-9906-68F4-750B4642928A}"
EndProject
Project("{FAE04EC0-301F-11D3-BF4B-00C04F79EFBC}") = "VRMShaders.GLTF.IO.Runtime", "VRMShaders.GLTF.IO.Runtime.csproj", "{33335DA1-3CC6-53DF-5ED3-68783E4F7A47}"
EndProject
Project("{FAE04EC0-301F-11D3-BF4B-00C04F79EFBC}") = "VRM10.Editor", "VRM10.Editor.csproj", "{2F486FB4-DC02-A782-469D-EED2A89781E0}"
EndProject
Project("{FAE04EC0-301F-11D3-BF4B-00C04F79EFBC}") = "PhotonUnityNetworking.Demos", "PhotonUnityNetworking.Demos.csproj", "{7322FE49-4D59-9932-F20B-E2D972DF7FDA}"
EndProject
Project("{FAE04EC0-301F-11D3-BF4B-00C04F79EFBC}") = "UniGLTF", "UniGLTF.csproj", "{413524B7-81B0-872C-E288-CD1E87403166}"
EndProject
Project("{FAE04EC0-301F-11D3-BF4B-00C04F79EFBC}") = "Assembly-CSharp", "Assembly-CSharp.csproj", "{22280CBC-5BBB-2907-000D-78078CF1478C}"
EndProject
Project("{FAE04EC0-301F-11D3-BF4B-00C04F79EFBC}") = "PhotonRealtime", "PhotonRealtime.csproj", "{DD8A3314-C9BB-C73C-1D0E-DD24AF86DE6A}"
EndProject
Project("{FAE04EC0-301F-11D3-BF4B-00C04F79EFBC}") = "VRM10", "VRM10.csproj", "{0B218AF1-9E78-12EE-A969-DA55C7BB568C}"
EndProject
Project("{FAE04EC0-301F-11D3-BF4B-00C04F79EFBC}") = "VRMShaders.GLTF.UniUnlit.Editor", "VRMShaders.GLTF.UniUnlit.Editor.csproj", "{759AD87C-5918-B230-DD6A-67C87DC541B6}"
EndProject
Project("{FAE04EC0-301F-11D3-BF4B-00C04F79EFBC}") = "UniGLTF.Tests", "UniGLTF.Tests.csproj", "{CF3F4F69-DC45-D92B-4590-A2FFC8A13A13}"
EndProject
Project("{FAE04EC0-301F-11D3-BF4B-00C04F79EFBC}") = "UniGLTF.Editor", "UniGLTF.Editor.csproj", "{6B482D90-AF0E-DE11-8D61-46070E04C6CE}"
EndProject
Project("{FAE04EC0-301F-11D3-BF4B-00C04F79EFBC}") = "VRMShaders.GLTF.IO.Editor", "VRMShaders.GLTF.IO.Editor.csproj", "{52FB2560-DCBF-CC14-F80E-D7CDB63517BA}"
EndProject
Project("{FAE04EC0-301F-11D3-BF4B-00C04F79EFBC}") = "FastSpringBone10", "FastSpringBone10.csproj", "{C58C475F-52A5-DC29-D489-E9687D8EDAF1}"
EndProject
Project("{FAE04EC0-301F-11D3-BF4B-00C04F79EFBC}") = "PhotonUnityNetworking.Editor", "PhotonUnityNetworking.Editor.csproj", "{FA8E2E64-FC87-6683-C316-A0F87EAA8E92}"
EndProject
Project("{FAE04EC0-301F-11D3-BF4B-00C04F79EFBC}") = "VRMShaders.GLTF.IO.Tests", "VRMShaders.GLTF.IO.Tests.csproj", "{45B5D8ED-C7C9-F3EB-DD13-21EAB4A236C0}"
EndProject
Project("{FAE04EC0-301F-11D3-BF4B-00C04F79EFBC}") = "PhotonUnityNetworking", "PhotonUnityNetworking.csproj", "{AFF9D658-6EE8-B417-020A-70BE9BC68E36}"
EndProject
Project("{FAE04EC0-301F-11D3-BF4B-00C04F79EFBC}") = "VrmLib", "VrmLib.csproj", "{36510BDE-6AF5-4EA6-E74E-AE6F6EA1E1B8}"
EndProject
Project("{FAE04EC0-301F-11D3-BF4B-00C04F79EFBC}") = "UniHumanoid.Editor", "UniHumanoid.Editor.csproj", "{04109BE8-EDF4-D13A-36D2-9ECD44B593B8}"
EndProject
Project("{FAE04EC0-301F-11D3-BF4B-00C04F79EFBC}") = "MToon", "MToon.csproj", "{4B437247-2239-527D-9CEC-0FBEDEFDCD5B}"
EndProject
Project("{FAE04EC0-301F-11D3-BF4B-00C04F79EFBC}") = "PhotonUnityNetworking.Utilities.PhotonPlayer.Editor", "PhotonUnityNetworking.Utilities.PhotonPlayer.Editor.csproj", "{6AD52D75-BA14-7189-408F-C88B0F11AF4A}"
EndProject
Project("{FAE04EC0-301F-11D3-BF4B-00C04F79EFBC}") = "VrmLibTests", "VrmLibTests.csproj", "{5BCA484C-23F2-61A2-3904-245525C13C9E}"
EndProject
Project("{FAE04EC0-301F-11D3-BF4B-00C04F79EFBC}") = "MToon.Editor", "MToon.Editor.csproj", "{12B30BAC-8D3E-4B17-3520-C6DA1A798EBD}"
EndProject
Project("{FAE04EC0-301F-11D3-BF4B-00C04F79EFBC}") = "VRMShaders.VRM10.MToon10.Editor", "VRMShaders.VRM10.MToon10.Editor.csproj", "{24A14808-F926-7604-C101-BAC68CE9EAAB}"
EndProject
Project("{FAE04EC0-301F-11D3-BF4B-00C04F79EFBC}") = "UniHumanoid.Editor.Tests", "UniHumanoid.Editor.Tests.csproj", "{24E30475-FA6F-D6DE-C6E7-600789210F1A}"
EndProject
Project("{FAE04EC0-301F-11D3-BF4B-00C04F79EFBC}") = "PhotonUnityNetworking.Utilities", "PhotonUnityNetworking.Utilities.csproj", "{3C054837-E843-0966-3AFE-845D0068E86A}"
EndProject
Project("{FAE04EC0-301F-11D3-BF4B-00C04F79EFBC}") = "UniGLTF.Utils", "UniGLTF.Utils.csproj", "{CF2C67C5-2F8E-5906-7AD1-0E039E9FAFBA}"
EndProject
Project("{FAE04EC0-301F-11D3-BF4B-00C04F79EFBC}") = "VRMShaders.VRM.IO.Runtime", "VRMShaders.VRM.IO.Runtime.csproj", "{496CCA34-E73C-903B-BB5E-EEB57AC83BE0}"
EndProject
Project("{FAE04EC0-301F-11D3-BF4B-00C04F79EFBC}") = "VRMShaders.VRM10.Format.Runtime", "VRMShaders.VRM10.Format.Runtime.csproj", "{B2AF4697-59D4-BC31-297A-4DD1693E00A9}"
EndProject
Project("{FAE04EC0-301F-11D3-BF4B-00C04F79EFBC}") = "PunDemos.DemoSlotcarEditor", "PunDemos.DemoSlotcarEditor.csproj", "{24F3C8C3-56E3-C2D6-9E3C-85D767446D6D}"
EndProject
Project("{FAE04EC0-301F-11D3-BF4B-00C04F79EFBC}") = "VRMShaders.VRM10.MToon10.Tests", "VRMShaders.VRM10.MToon10.Tests.csproj", "{A6CE2C73-AC29-CA85-3D95-388C1793E851}"
EndProject
Project("{FAE04EC0-301F-11D3-BF4B-00C04F79EFBC}") = "PhotonUnityNetworking.Utilities.Culling.Editor", "PhotonUnityNetworking.Utilities.Culling.Editor.csproj", "{D569F508-7D44-8AA0-4522-C74119862690}"
EndProject
Project("{FAE04EC0-301F-11D3-BF4B-00C04F79EFBC}") = "VRMShaders.GLTF.UniUnlit.Runtime", "VRMShaders.GLTF.UniUnlit.Runtime.csproj", "{63FF61AA-855F-7CB2-432E-7FEDA990FA99}"
EndProject
Project("{FAE04EC0-301F-11D3-BF4B-00C04F79EFBC}") = "PunDemos.DemoHubEditor", "PunDemos.DemoHubEditor.csproj", "{CAC61587-116F-C666-B493-51D672611376}"
EndProject
Project("{FAE04EC0-301F-11D3-BF4B-00C04F79EFBC}") = "Assembly-CSharp-Editor", "Assembly-CSharp-Editor.csproj", "{9D31591E-0614-4ADB-7761-0D349F55F938}"
EndProject
Global
	GlobalSection(SolutionConfigurationPlatforms) = preSolution
		Debug|Any CPU = Debug|Any CPU
		Release|Any CPU = Release|Any CPU
	EndGlobalSection
	GlobalSection(ProjectConfigurationPlatforms) = postSolution
		{CFCB507A-875F-CF39-E920-00F5539989CB}.Debug|Any CPU.ActiveCfg = Debug|Any CPU
		{CFCB507A-875F-CF39-E920-00F5539989CB}.Debug|Any CPU.Build.0 = Debug|Any CPU
		{CFCB507A-875F-CF39-E920-00F5539989CB}.Release|Any CPU.ActiveCfg = Release|Any CPU
		{CFCB507A-875F-CF39-E920-00F5539989CB}.Release|Any CPU.Build.0 = Release|Any CPU
		{71E9EBDB-3B27-24FD-99EE-097D50D1782F}.Debug|Any CPU.ActiveCfg = Debug|Any CPU
		{71E9EBDB-3B27-24FD-99EE-097D50D1782F}.Debug|Any CPU.Build.0 = Debug|Any CPU
		{71E9EBDB-3B27-24FD-99EE-097D50D1782F}.Release|Any CPU.ActiveCfg = Release|Any CPU
		{71E9EBDB-3B27-24FD-99EE-097D50D1782F}.Release|Any CPU.Build.0 = Release|Any CPU
		{42C5CC8B-3895-02F3-B661-11F0D90A62ED}.Debug|Any CPU.ActiveCfg = Debug|Any CPU
		{42C5CC8B-3895-02F3-B661-11F0D90A62ED}.Debug|Any CPU.Build.0 = Debug|Any CPU
		{42C5CC8B-3895-02F3-B661-11F0D90A62ED}.Release|Any CPU.ActiveCfg = Release|Any CPU
		{42C5CC8B-3895-02F3-B661-11F0D90A62ED}.Release|Any CPU.Build.0 = Release|Any CPU
		{CA66A43A-8E8E-9906-68F4-750B4642928A}.Debug|Any CPU.ActiveCfg = Debug|Any CPU
		{CA66A43A-8E8E-9906-68F4-750B4642928A}.Debug|Any CPU.Build.0 = Debug|Any CPU
		{CA66A43A-8E8E-9906-68F4-750B4642928A}.Release|Any CPU.ActiveCfg = Release|Any CPU
		{CA66A43A-8E8E-9906-68F4-750B4642928A}.Release|Any CPU.Build.0 = Release|Any CPU
		{33335DA1-3CC6-53DF-5ED3-68783E4F7A47}.Debug|Any CPU.ActiveCfg = Debug|Any CPU
		{33335DA1-3CC6-53DF-5ED3-68783E4F7A47}.Debug|Any CPU.Build.0 = Debug|Any CPU
		{33335DA1-3CC6-53DF-5ED3-68783E4F7A47}.Release|Any CPU.ActiveCfg = Release|Any CPU
		{33335DA1-3CC6-53DF-5ED3-68783E4F7A47}.Release|Any CPU.Build.0 = Release|Any CPU
		{2F486FB4-DC02-A782-469D-EED2A89781E0}.Debug|Any CPU.ActiveCfg = Debug|Any CPU
		{2F486FB4-DC02-A782-469D-EED2A89781E0}.Debug|Any CPU.Build.0 = Debug|Any CPU
		{2F486FB4-DC02-A782-469D-EED2A89781E0}.Release|Any CPU.ActiveCfg = Release|Any CPU
		{2F486FB4-DC02-A782-469D-EED2A89781E0}.Release|Any CPU.Build.0 = Release|Any CPU
		{7322FE49-4D59-9932-F20B-E2D972DF7FDA}.Debug|Any CPU.ActiveCfg = Debug|Any CPU
		{7322FE49-4D59-9932-F20B-E2D972DF7FDA}.Debug|Any CPU.Build.0 = Debug|Any CPU
		{7322FE49-4D59-9932-F20B-E2D972DF7FDA}.Release|Any CPU.ActiveCfg = Release|Any CPU
		{7322FE49-4D59-9932-F20B-E2D972DF7FDA}.Release|Any CPU.Build.0 = Release|Any CPU
		{413524B7-81B0-872C-E288-CD1E87403166}.Debug|Any CPU.ActiveCfg = Debug|Any CPU
		{413524B7-81B0-872C-E288-CD1E87403166}.Debug|Any CPU.Build.0 = Debug|Any CPU
		{413524B7-81B0-872C-E288-CD1E87403166}.Release|Any CPU.ActiveCfg = Release|Any CPU
		{413524B7-81B0-872C-E288-CD1E87403166}.Release|Any CPU.Build.0 = Release|Any CPU
		{22280CBC-5BBB-2907-000D-78078CF1478C}.Debug|Any CPU.ActiveCfg = Debug|Any CPU
		{22280CBC-5BBB-2907-000D-78078CF1478C}.Debug|Any CPU.Build.0 = Debug|Any CPU
		{22280CBC-5BBB-2907-000D-78078CF1478C}.Release|Any CPU.ActiveCfg = Release|Any CPU
		{22280CBC-5BBB-2907-000D-78078CF1478C}.Release|Any CPU.Build.0 = Release|Any CPU
		{DD8A3314-C9BB-C73C-1D0E-DD24AF86DE6A}.Debug|Any CPU.ActiveCfg = Debug|Any CPU
		{DD8A3314-C9BB-C73C-1D0E-DD24AF86DE6A}.Debug|Any CPU.Build.0 = Debug|Any CPU
		{DD8A3314-C9BB-C73C-1D0E-DD24AF86DE6A}.Release|Any CPU.ActiveCfg = Release|Any CPU
		{DD8A3314-C9BB-C73C-1D0E-DD24AF86DE6A}.Release|Any CPU.Build.0 = Release|Any CPU
		{0B218AF1-9E78-12EE-A969-DA55C7BB568C}.Debug|Any CPU.ActiveCfg = Debug|Any CPU
		{0B218AF1-9E78-12EE-A969-DA55C7BB568C}.Debug|Any CPU.Build.0 = Debug|Any CPU
		{0B218AF1-9E78-12EE-A969-DA55C7BB568C}.Release|Any CPU.ActiveCfg = Release|Any CPU
		{0B218AF1-9E78-12EE-A969-DA55C7BB568C}.Release|Any CPU.Build.0 = Release|Any CPU
		{759AD87C-5918-B230-DD6A-67C87DC541B6}.Debug|Any CPU.ActiveCfg = Debug|Any CPU
		{759AD87C-5918-B230-DD6A-67C87DC541B6}.Debug|Any CPU.Build.0 = Debug|Any CPU
		{759AD87C-5918-B230-DD6A-67C87DC541B6}.Release|Any CPU.ActiveCfg = Release|Any CPU
		{759AD87C-5918-B230-DD6A-67C87DC541B6}.Release|Any CPU.Build.0 = Release|Any CPU
		{CF3F4F69-DC45-D92B-4590-A2FFC8A13A13}.Debug|Any CPU.ActiveCfg = Debug|Any CPU
		{CF3F4F69-DC45-D92B-4590-A2FFC8A13A13}.Debug|Any CPU.Build.0 = Debug|Any CPU
		{CF3F4F69-DC45-D92B-4590-A2FFC8A13A13}.Release|Any CPU.ActiveCfg = Release|Any CPU
		{CF3F4F69-DC45-D92B-4590-A2FFC8A13A13}.Release|Any CPU.Build.0 = Release|Any CPU
		{6B482D90-AF0E-DE11-8D61-46070E04C6CE}.Debug|Any CPU.ActiveCfg = Debug|Any CPU
		{6B482D90-AF0E-DE11-8D61-46070E04C6CE}.Debug|Any CPU.Build.0 = Debug|Any CPU
		{6B482D90-AF0E-DE11-8D61-46070E04C6CE}.Release|Any CPU.ActiveCfg = Release|Any CPU
		{6B482D90-AF0E-DE11-8D61-46070E04C6CE}.Release|Any CPU.Build.0 = Release|Any CPU
		{52FB2560-DCBF-CC14-F80E-D7CDB63517BA}.Debug|Any CPU.ActiveCfg = Debug|Any CPU
		{52FB2560-DCBF-CC14-F80E-D7CDB63517BA}.Debug|Any CPU.Build.0 = Debug|Any CPU
		{52FB2560-DCBF-CC14-F80E-D7CDB63517BA}.Release|Any CPU.ActiveCfg = Release|Any CPU
		{52FB2560-DCBF-CC14-F80E-D7CDB63517BA}.Release|Any CPU.Build.0 = Release|Any CPU
		{C58C475F-52A5-DC29-D489-E9687D8EDAF1}.Debug|Any CPU.ActiveCfg = Debug|Any CPU
		{C58C475F-52A5-DC29-D489-E9687D8EDAF1}.Debug|Any CPU.Build.0 = Debug|Any CPU
		{C58C475F-52A5-DC29-D489-E9687D8EDAF1}.Release|Any CPU.ActiveCfg = Release|Any CPU
		{C58C475F-52A5-DC29-D489-E9687D8EDAF1}.Release|Any CPU.Build.0 = Release|Any CPU
		{FA8E2E64-FC87-6683-C316-A0F87EAA8E92}.Debug|Any CPU.ActiveCfg = Debug|Any CPU
		{FA8E2E64-FC87-6683-C316-A0F87EAA8E92}.Debug|Any CPU.Build.0 = Debug|Any CPU
		{FA8E2E64-FC87-6683-C316-A0F87EAA8E92}.Release|Any CPU.ActiveCfg = Release|Any CPU
		{FA8E2E64-FC87-6683-C316-A0F87EAA8E92}.Release|Any CPU.Build.0 = Release|Any CPU
		{45B5D8ED-C7C9-F3EB-DD13-21EAB4A236C0}.Debug|Any CPU.ActiveCfg = Debug|Any CPU
		{45B5D8ED-C7C9-F3EB-DD13-21EAB4A236C0}.Debug|Any CPU.Build.0 = Debug|Any CPU
		{45B5D8ED-C7C9-F3EB-DD13-21EAB4A236C0}.Release|Any CPU.ActiveCfg = Release|Any CPU
		{45B5D8ED-C7C9-F3EB-DD13-21EAB4A236C0}.Release|Any CPU.Build.0 = Release|Any CPU
		{AFF9D658-6EE8-B417-020A-70BE9BC68E36}.Debug|Any CPU.ActiveCfg = Debug|Any CPU
		{AFF9D658-6EE8-B417-020A-70BE9BC68E36}.Debug|Any CPU.Build.0 = Debug|Any CPU
		{AFF9D658-6EE8-B417-020A-70BE9BC68E36}.Release|Any CPU.ActiveCfg = Release|Any CPU
		{AFF9D658-6EE8-B417-020A-70BE9BC68E36}.Release|Any CPU.Build.0 = Release|Any CPU
		{36510BDE-6AF5-4EA6-E74E-AE6F6EA1E1B8}.Debug|Any CPU.ActiveCfg = Debug|Any CPU
		{36510BDE-6AF5-4EA6-E74E-AE6F6EA1E1B8}.Debug|Any CPU.Build.0 = Debug|Any CPU
		{36510BDE-6AF5-4EA6-E74E-AE6F6EA1E1B8}.Release|Any CPU.ActiveCfg = Release|Any CPU
		{36510BDE-6AF5-4EA6-E74E-AE6F6EA1E1B8}.Release|Any CPU.Build.0 = Release|Any CPU
		{04109BE8-EDF4-D13A-36D2-9ECD44B593B8}.Debug|Any CPU.ActiveCfg = Debug|Any CPU
		{04109BE8-EDF4-D13A-36D2-9ECD44B593B8}.Debug|Any CPU.Build.0 = Debug|Any CPU
		{04109BE8-EDF4-D13A-36D2-9ECD44B593B8}.Release|Any CPU.ActiveCfg = Release|Any CPU
		{04109BE8-EDF4-D13A-36D2-9ECD44B593B8}.Release|Any CPU.Build.0 = Release|Any CPU
		{4B437247-2239-527D-9CEC-0FBEDEFDCD5B}.Debug|Any CPU.ActiveCfg = Debug|Any CPU
		{4B437247-2239-527D-9CEC-0FBEDEFDCD5B}.Debug|Any CPU.Build.0 = Debug|Any CPU
		{4B437247-2239-527D-9CEC-0FBEDEFDCD5B}.Release|Any CPU.ActiveCfg = Release|Any CPU
		{4B437247-2239-527D-9CEC-0FBEDEFDCD5B}.Release|Any CPU.Build.0 = Release|Any CPU
		{6AD52D75-BA14-7189-408F-C88B0F11AF4A}.Debug|Any CPU.ActiveCfg = Debug|Any CPU
		{6AD52D75-BA14-7189-408F-C88B0F11AF4A}.Debug|Any CPU.Build.0 = Debug|Any CPU
		{6AD52D75-BA14-7189-408F-C88B0F11AF4A}.Release|Any CPU.ActiveCfg = Release|Any CPU
		{6AD52D75-BA14-7189-408F-C88B0F11AF4A}.Release|Any CPU.Build.0 = Release|Any CPU
		{5BCA484C-23F2-61A2-3904-245525C13C9E}.Debug|Any CPU.ActiveCfg = Debug|Any CPU
		{5BCA484C-23F2-61A2-3904-245525C13C9E}.Debug|Any CPU.Build.0 = Debug|Any CPU
		{5BCA484C-23F2-61A2-3904-245525C13C9E}.Release|Any CPU.ActiveCfg = Release|Any CPU
		{5BCA484C-23F2-61A2-3904-245525C13C9E}.Release|Any CPU.Build.0 = Release|Any CPU
		{12B30BAC-8D3E-4B17-3520-C6DA1A798EBD}.Debug|Any CPU.ActiveCfg = Debug|Any CPU
		{12B30BAC-8D3E-4B17-3520-C6DA1A798EBD}.Debug|Any CPU.Build.0 = Debug|Any CPU
		{12B30BAC-8D3E-4B17-3520-C6DA1A798EBD}.Release|Any CPU.ActiveCfg = Release|Any CPU
		{12B30BAC-8D3E-4B17-3520-C6DA1A798EBD}.Release|Any CPU.Build.0 = Release|Any CPU
		{24A14808-F926-7604-C101-BAC68CE9EAAB}.Debug|Any CPU.ActiveCfg = Debug|Any CPU
		{24A14808-F926-7604-C101-BAC68CE9EAAB}.Debug|Any CPU.Build.0 = Debug|Any CPU
		{24A14808-F926-7604-C101-BAC68CE9EAAB}.Release|Any CPU.ActiveCfg = Release|Any CPU
		{24A14808-F926-7604-C101-BAC68CE9EAAB}.Release|Any CPU.Build.0 = Release|Any CPU
		{24E30475-FA6F-D6DE-C6E7-600789210F1A}.Debug|Any CPU.ActiveCfg = Debug|Any CPU
		{24E30475-FA6F-D6DE-C6E7-600789210F1A}.Debug|Any CPU.Build.0 = Debug|Any CPU
		{24E30475-FA6F-D6DE-C6E7-600789210F1A}.Release|Any CPU.ActiveCfg = Release|Any CPU
		{24E30475-FA6F-D6DE-C6E7-600789210F1A}.Release|Any CPU.Build.0 = Release|Any CPU
		{3C054837-E843-0966-3AFE-845D0068E86A}.Debug|Any CPU.ActiveCfg = Debug|Any CPU
		{3C054837-E843-0966-3AFE-845D0068E86A}.Debug|Any CPU.Build.0 = Debug|Any CPU
		{3C054837-E843-0966-3AFE-845D0068E86A}.Release|Any CPU.ActiveCfg = Release|Any CPU
		{3C054837-E843-0966-3AFE-845D0068E86A}.Release|Any CPU.Build.0 = Release|Any CPU
		{CF2C67C5-2F8E-5906-7AD1-0E039E9FAFBA}.Debug|Any CPU.ActiveCfg = Debug|Any CPU
		{CF2C67C5-2F8E-5906-7AD1-0E039E9FAFBA}.Debug|Any CPU.Build.0 = Debug|Any CPU
		{CF2C67C5-2F8E-5906-7AD1-0E039E9FAFBA}.Release|Any CPU.ActiveCfg = Release|Any CPU
		{CF2C67C5-2F8E-5906-7AD1-0E039E9FAFBA}.Release|Any CPU.Build.0 = Release|Any CPU
		{496CCA34-E73C-903B-BB5E-EEB57AC83BE0}.Debug|Any CPU.ActiveCfg = Debug|Any CPU
		{496CCA34-E73C-903B-BB5E-EEB57AC83BE0}.Debug|Any CPU.Build.0 = Debug|Any CPU
		{496CCA34-E73C-903B-BB5E-EEB57AC83BE0}.Release|Any CPU.ActiveCfg = Release|Any CPU
		{496CCA34-E73C-903B-BB5E-EEB57AC83BE0}.Release|Any CPU.Build.0 = Release|Any CPU
		{B2AF4697-59D4-BC31-297A-4DD1693E00A9}.Debug|Any CPU.ActiveCfg = Debug|Any CPU
		{B2AF4697-59D4-BC31-297A-4DD1693E00A9}.Debug|Any CPU.Build.0 = Debug|Any CPU
		{B2AF4697-59D4-BC31-297A-4DD1693E00A9}.Release|Any CPU.ActiveCfg = Release|Any CPU
		{B2AF4697-59D4-BC31-297A-4DD1693E00A9}.Release|Any CPU.Build.0 = Release|Any CPU
		{24F3C8C3-56E3-C2D6-9E3C-85D767446D6D}.Debug|Any CPU.ActiveCfg = Debug|Any CPU
		{24F3C8C3-56E3-C2D6-9E3C-85D767446D6D}.Debug|Any CPU.Build.0 = Debug|Any CPU
		{24F3C8C3-56E3-C2D6-9E3C-85D767446D6D}.Release|Any CPU.ActiveCfg = Release|Any CPU
		{24F3C8C3-56E3-C2D6-9E3C-85D767446D6D}.Release|Any CPU.Build.0 = Release|Any CPU
		{A6CE2C73-AC29-CA85-3D95-388C1793E851}.Debug|Any CPU.ActiveCfg = Debug|Any CPU
		{A6CE2C73-AC29-CA85-3D95-388C1793E851}.Debug|Any CPU.Build.0 = Debug|Any CPU
		{A6CE2C73-AC29-CA85-3D95-388C1793E851}.Release|Any CPU.ActiveCfg = Release|Any CPU
		{A6CE2C73-AC29-CA85-3D95-388C1793E851}.Release|Any CPU.Build.0 = Release|Any CPU
		{D569F508-7D44-8AA0-4522-C74119862690}.Debug|Any CPU.ActiveCfg = Debug|Any CPU
		{D569F508-7D44-8AA0-4522-C74119862690}.Debug|Any CPU.Build.0 = Debug|Any CPU
		{D569F508-7D44-8AA0-4522-C74119862690}.Release|Any CPU.ActiveCfg = Release|Any CPU
		{D569F508-7D44-8AA0-4522-C74119862690}.Release|Any CPU.Build.0 = Release|Any CPU
		{63FF61AA-855F-7CB2-432E-7FEDA990FA99}.Debug|Any CPU.ActiveCfg = Debug|Any CPU
		{63FF61AA-855F-7CB2-432E-7FEDA990FA99}.Debug|Any CPU.Build.0 = Debug|Any CPU
		{63FF61AA-855F-7CB2-432E-7FEDA990FA99}.Release|Any CPU.ActiveCfg = Release|Any CPU
		{63FF61AA-855F-7CB2-432E-7FEDA990FA99}.Release|Any CPU.Build.0 = Release|Any CPU
		{CAC61587-116F-C666-B493-51D672611376}.Debug|Any CPU.ActiveCfg = Debug|Any CPU
		{CAC61587-116F-C666-B493-51D672611376}.Debug|Any CPU.Build.0 = Debug|Any CPU
		{CAC61587-116F-C666-B493-51D672611376}.Release|Any CPU.ActiveCfg = Release|Any CPU
		{CAC61587-116F-C666-B493-51D672611376}.Release|Any CPU.Build.0 = Release|Any CPU
		{9D31591E-0614-4ADB-7761-0D349F55F938}.Debug|Any CPU.ActiveCfg = Debug|Any CPU
		{9D31591E-0614-4ADB-7761-0D349F55F938}.Debug|Any CPU.Build.0 = Debug|Any CPU
		{9D31591E-0614-4ADB-7761-0D349F55F938}.Release|Any CPU.ActiveCfg = Release|Any CPU
		{9D31591E-0614-4ADB-7761-0D349F55F938}.Release|Any CPU.Build.0 = Release|Any CPU
	EndGlobalSection
	GlobalSection(SolutionProperties) = preSolution
		HideSolutionNode = FALSE
	EndGlobalSection
EndGlobal
